# This file is automatically @generated by Cargo.
# It is not intended for manual editing.
[[package]]
name = "factor"
version = "0.4.0"
source = "registry+https://github.com/rust-lang/crates.io-index"
checksum = "102e2f39755a9cd85dc5f4d932367a516089ea7d50528c6d30eb5ca4fb6030df"

[[package]]
name = "primegen"
version = "0.1.0"
dependencies = [
 "factor",
 "primes",
]

[[package]]
name = "primes"
version = "0.3.0"
source = "registry+https://github.com/rust-lang/crates.io-index"
checksum = "68a61082d8bceecd71a3870e9162002bb75f7ba9c7aa8b76227e887782fef9c8"
